// !$*UTF8*$!
{
	archiveVersion = 1;
	classes = {
	};
	objectVersion = 46;
	objects = {

/* Begin PBXBuildFile section */
		D595C4721D414476004D30FA /* DocumentProtocol.swift in Sources */ = {isa = PBXBuildFile; fileRef = D595C4711D414476004D30FA /* DocumentProtocol.swift */; };
		D595C4741D41593F004D30FA /* DocumentFactory.swift in Sources */ = {isa = PBXBuildFile; fileRef = D595C4731D41593F004D30FA /* DocumentFactory.swift */; };
		D595C4761D42A610004D30FA /* DocumentStateProtocol.swift in Sources */ = {isa = PBXBuildFile; fileRef = D595C4751D42A610004D30FA /* DocumentStateProtocol.swift */; };
		D595C47A1D42A76D004D30FA /* DocumentStartState.swift in Sources */ = {isa = PBXBuildFile; fileRef = D595C4791D42A76D004D30FA /* DocumentStartState.swift */; };
		D595C47C1D42AC51004D30FA /* DocumentContextProtocol.swift in Sources */ = {isa = PBXBuildFile; fileRef = D595C47B1D42AC51004D30FA /* DocumentContextProtocol.swift */; };
		D595C47E1D42AD76004D30FA /* DocumentStopState.swift in Sources */ = {isa = PBXBuildFile; fileRef = D595C47D1D42AD76004D30FA /* DocumentStopState.swift */; };
		D5FA889E1D380DC20038BCC6 /* main.swift in Sources */ = {isa = PBXBuildFile; fileRef = D5FA889D1D380DC20038BCC6 /* main.swift */; };
		D5FA88A51D38111C0038BCC6 /* Document.swift in Sources */ = {isa = PBXBuildFile; fileRef = D5FA88A41D38111C0038BCC6 /* Document.swift */; };
		D5FA88A71D38145F0038BCC6 /* DocumentRepository.swift in Sources */ = {isa = PBXBuildFile; fileRef = D5FA88A61D38145F0038BCC6 /* DocumentRepository.swift */; };
		D5FA88A91D395A640038BCC6 /* ObservableProtocol.swift in Sources */ = {isa = PBXBuildFile; fileRef = D5FA88A81D395A640038BCC6 /* ObservableProtocol.swift */; };
		D5FA88AB1D39604E0038BCC6 /* ObserverProtocol.swift in Sources */ = {isa = PBXBuildFile; fileRef = D5FA88AA1D39604E0038BCC6 /* ObserverProtocol.swift */; };
/* End PBXBuildFile section */

/* Begin PBXCopyFilesBuildPhase section */
		D5FA88981D380DC20038BCC6 /* CopyFiles */ = {
			isa = PBXCopyFilesBuildPhase;
			buildActionMask = 2147483647;
			dstPath = /usr/share/man/man1/;
			dstSubfolderSpec = 0;
			files = (
			);
			runOnlyForDeploymentPostprocessing = 1;
		};
/* End PBXCopyFilesBuildPhase section */

/* Begin PBXFileReference section */
		D595C4711D414476004D30FA /* DocumentProtocol.swift */ = {isa = PBXFileReference; fileEncoding = 4; lastKnownFileType = sourcecode.swift; path = DocumentProtocol.swift; sourceTree = "<group>"; };
		D595C4731D41593F004D30FA /* DocumentFactory.swift */ = {isa = PBXFileReference; fileEncoding = 4; lastKnownFileType = sourcecode.swift; path = DocumentFactory.swift; sourceTree = "<group>"; };
		D595C4751D42A610004D30FA /* DocumentStateProtocol.swift */ = {isa = PBXFileReference; fileEncoding = 4; lastKnownFileType = sourcecode.swift; path = DocumentStateProtocol.swift; sourceTree = "<group>"; };
		D595C4791D42A76D004D30FA /* DocumentStartState.swift */ = {isa = PBXFileReference; fileEncoding = 4; lastKnownFileType = sourcecode.swift; path = DocumentStartState.swift; sourceTree = "<group>"; };
		D595C47B1D42AC51004D30FA /* DocumentContextProtocol.swift */ = {isa = PBXFileReference; fileEncoding = 4; lastKnownFileType = sourcecode.swift; path = DocumentContextProtocol.swift; sourceTree = "<group>"; };
		D595C47D1D42AD76004D30FA /* DocumentStopState.swift */ = {isa = PBXFileReference; fileEncoding = 4; lastKnownFileType = sourcecode.swift; path = DocumentStopState.swift; sourceTree = "<group>"; };
		D5FA889A1D380DC20038BCC6 /* DesignPatternsInSwift */ = {isa = PBXFileReference; explicitFileType = "compiled.mach-o.executable"; includeInIndex = 0; path = DesignPatternsInSwift; sourceTree = BUILT_PRODUCTS_DIR; };
		D5FA889D1D380DC20038BCC6 /* main.swift */ = {isa = PBXFileReference; lastKnownFileType = sourcecode.swift; path = main.swift; sourceTree = "<group>"; };
		D5FA88A41D38111C0038BCC6 /* Document.swift */ = {isa = PBXFileReference; fileEncoding = 4; lastKnownFileType = sourcecode.swift; path = Document.swift; sourceTree = "<group>"; };
		D5FA88A61D38145F0038BCC6 /* DocumentRepository.swift */ = {isa = PBXFileReference; fileEncoding = 4; lastKnownFileType = sourcecode.swift; path = DocumentRepository.swift; sourceTree = "<group>"; };
		D5FA88A81D395A640038BCC6 /* ObservableProtocol.swift */ = {isa = PBXFileReference; fileEncoding = 4; lastKnownFileType = sourcecode.swift; path = ObservableProtocol.swift; sourceTree = "<group>"; };
		D5FA88AA1D39604E0038BCC6 /* ObserverProtocol.swift */ = {isa = PBXFileReference; fileEncoding = 4; lastKnownFileType = sourcecode.swift; path = ObserverProtocol.swift; sourceTree = "<group>"; };
/* End PBXFileReference section */

/* Begin PBXFrameworksBuildPhase section */
		D5FA88971D380DC20038BCC6 /* Frameworks */ = {
			isa = PBXFrameworksBuildPhase;
			buildActionMask = 2147483647;
			files = (
			);
			runOnlyForDeploymentPostprocessing = 0;
		};
/* End PBXFrameworksBuildPhase section */

/* Begin PBXGroup section */
		D5FA88911D380DC20038BCC6 = {
			isa = PBXGroup;
			children = (
				D5FA889C1D380DC20038BCC6 /* DesignPatternsInSwift */,
				D5FA889B1D380DC20038BCC6 /* Products */,
			);
			sourceTree = "<group>";
		};
		D5FA889B1D380DC20038BCC6 /* Products */ = {
			isa = PBXGroup;
			children = (
				D5FA889A1D380DC20038BCC6 /* DesignPatternsInSwift */,
			);
			name = Products;
			sourceTree = "<group>";
		};
		D5FA889C1D380DC20038BCC6 /* DesignPatternsInSwift */ = {
			isa = PBXGroup;
			children = (
				D5FA889D1D380DC20038BCC6 /* main.swift */,
				D5FA88A41D38111C0038BCC6 /* Document.swift */,
				D5FA88A61D38145F0038BCC6 /* DocumentRepository.swift */,
				D5FA88A81D395A640038BCC6 /* ObservableProtocol.swift */,
				D5FA88AA1D39604E0038BCC6 /* ObserverProtocol.swift */,
				D595C4711D414476004D30FA /* DocumentProtocol.swift */,
				D595C4731D41593F004D30FA /* DocumentFactory.swift */,
				D595C4751D42A610004D30FA /* DocumentStateProtocol.swift */,
				D595C4791D42A76D004D30FA /* DocumentStartState.swift */,
				D595C47B1D42AC51004D30FA /* DocumentContextProtocol.swift */,
				D595C47D1D42AD76004D30FA /* DocumentStopState.swift */,
			);
			path = DesignPatternsInSwift;
			sourceTree = "<group>";
		};
/* End PBXGroup section */

/* Begin PBXNativeTarget section */
		D5FA88991D380DC20038BCC6 /* DesignPatternsInSwift */ = {
			isa = PBXNativeTarget;
			buildConfigurationList = D5FA88A11D380DC20038BCC6 /* Build configuration list for PBXNativeTarget "DesignPatternsInSwift" */;
			buildPhases = (
				D5FA88961D380DC20038BCC6 /* Sources */,
				D5FA88971D380DC20038BCC6 /* Frameworks */,
				D5FA88981D380DC20038BCC6 /* CopyFiles */,
			);
			buildRules = (
			);
			dependencies = (
			);
			name = DesignPatternsInSwift;
			productName = DesignPatternsInSwift;
			productReference = D5FA889A1D380DC20038BCC6 /* DesignPatternsInSwift */;
			productType = "com.apple.product-type.tool";
		};
/* End PBXNativeTarget section */

/* Begin PBXProject section */
		D5FA88921D380DC20038BCC6 /* Project object */ = {
			isa = PBXProject;
			attributes = {
				LastSwiftUpdateCheck = 0730;
				LastUpgradeCheck = 0730;
				ORGANIZATIONNAME = "Алексей Бабанов";
				TargetAttributes = {
					D5FA88991D380DC20038BCC6 = {
						CreatedOnToolsVersion = 7.3.1;
					};
				};
			};
			buildConfigurationList = D5FA88951D380DC20038BCC6 /* Build configuration list for PBXProject "DesignPatternsInSwift" */;
			compatibilityVersion = "Xcode 3.2";
			developmentRegion = English;
			hasScannedForEncodings = 0;
			knownRegions = (
				en,
			);
			mainGroup = D5FA88911D380DC20038BCC6;
			productRefGroup = D5FA889B1D380DC20038BCC6 /* Products */;
			projectDirPath = "";
			projectRoot = "";
			targets = (
				D5FA88991D380DC20038BCC6 /* DesignPatternsInSwift */,
			);
		};
/* End PBXProject section */

/* Begin PBXSourcesBuildPhase section */
		D5FA88961D380DC20038BCC6 /* Sources */ = {
			isa = PBXSourcesBuildPhase;
			buildActionMask = 2147483647;
			files = (
				D595C4761D42A610004D30FA /* DocumentStateProtocol.swift in Sources */,
				D595C47E1D42AD76004D30FA /* DocumentStopState.swift in Sources */,
				D5FA88AB1D39604E0038BCC6 /* ObserverProtocol.swift in Sources */,
				D5FA88A71D38145F0038BCC6 /* DocumentRepository.swift in Sources */,
				D595C4721D414476004D30FA /* DocumentProtocol.swift in Sources */,
				D5FA88A51D38111C0038BCC6 /* Document.swift in Sources */,
				D5FA88A91D395A640038BCC6 /* ObservableProtocol.swift in Sources */,
				D595C47C1D42AC51004D30FA /* DocumentContextProtocol.swift in Sources */,
				D595C47A1D42A76D004D30FA /* DocumentStartState.swift in Sources */,
				D5FA889E1D380DC20038BCC6 /* main.swift in Sources */,
				D595C4741D41593F004D30FA /* DocumentFactory.swift in Sources */,
			);
			runOnlyForDeploymentPostprocessing = 0;
		};
/* End PBXSourcesBuildPhase section */

/* Begin XCBuildConfiguration section */
		D5FA889F1D380DC20038BCC6 /* Debug */ = {
			isa = XCBuildConfiguration;
			buildSettings = {
				ALWAYS_SEARCH_USER_PATHS = NO;
				CLANG_ANALYZER_NONNULL = YES;
				CLANG_CXX_LANGUAGE_STANDARD = "gnu++0x";
				CLANG_CXX_LIBRARY = "libc++";
				CLANG_ENABLE_MODULES = YES;
				CLANG_ENABLE_OBJC_ARC = YES;
				CLANG_WARN_BOOL_CONVERSION = YES;
				CLANG_WARN_CONSTANT_CONVERSION = YES;
				CLANG_WARN_DIRECT_OBJC_ISA_USAGE = YES_ERROR;
				CLANG_WARN_EMPTY_BODY = YES;
				CLANG_WARN_ENUM_CONVERSION = YES;
				CLANG_WARN_INT_CONVERSION = YES;
				CLANG_WARN_OBJC_ROOT_CLASS = YES_ERROR;
				CLANG_WARN_UNREACHABLE_CODE = YES;
				CLANG_WARN__DUPLICATE_METHOD_MATCH = YES;
				CODE_SIGN_IDENTITY = "-";
				COPY_PHASE_STRIP = NO;
				DEBUG_INFORMATION_FORMAT = dwarf;
				ENABLE_STRICT_OBJC_MSGSEND = YES;
				ENABLE_TESTABILITY = YES;
				GCC_C_LANGUAGE_STANDARD = gnu99;
				GCC_DYNAMIC_NO_PIC = NO;
				GCC_NO_COMMON_BLOCKS = YES;
				GCC_OPTIMIZATION_LEVEL = 0;
				GCC_PREPROCESSOR_DEFINITIONS = (
					"DEBUG=1",
					"$(inherited)",
				);
				GCC_WARN_64_TO_32_BIT_CONVERSION = YES;
				GCC_WARN_ABOUT_RETURN_TYPE = YES_ERROR;
				GCC_WARN_UNDECLARED_SELECTOR = YES;
				GCC_WARN_UNINITIALIZED_AUTOS = YES_AGGRESSIVE;
				GCC_WARN_UNUSED_FUNCTION = YES;
				GCC_WARN_UNUSED_VARIABLE = YES;
				MACOSX_DEPLOYMENT_TARGET = 10.11;
				MTL_ENABLE_DEBUG_INFO = YES;
				ONLY_ACTIVE_ARCH = YES;
				SDKROOT = macosx;
				SWIFT_OPTIMIZATION_LEVEL = "-Onone";
			};
			name = Debug;
		};
		D5FA88A01D380DC20038BCC6 /* Release */ = {
			isa = XCBuildConfiguration;
			buildSettings = {
				ALWAYS_SEARCH_USER_PATHS = NO;
				CLANG_ANALYZER_NONNULL = YES;
				CLANG_CXX_LANGUAGE_STANDARD = "gnu++0x";
				CLANG_CXX_LIBRARY = "libc++";
				CLANG_ENABLE_MODULES = YES;
				CLANG_ENABLE_OBJC_ARC = YES;
				CLANG_WARN_BOOL_CONVERSION = YES;
				CLANG_WARN_CONSTANT_CONVERSION = YES;
				CLANG_WARN_DIRECT_OBJC_ISA_USAGE = YES_ERROR;
				CLANG_WARN_EMPTY_BODY = YES;
				CLANG_WARN_ENUM_CONVERSION = YES;
				CLANG_WARN_INT_CONVERSION = YES;
				CLANG_WARN_OBJC_ROOT_CLASS = YES_ERROR;
				CLANG_WARN_UNREACHABLE_CODE = YES;
				CLANG_WARN__DUPLICATE_METHOD_MATCH = YES;
				CODE_SIGN_IDENTITY = "-";
				COPY_PHASE_STRIP = NO;
				DEBUG_INFORMATION_FORMAT = "dwarf-with-dsym";
				ENABLE_NS_ASSERTIONS = NO;
				ENABLE_STRICT_OBJC_MSGSEND = YES;
				GCC_C_LANGUAGE_STANDARD = gnu99;
				GCC_NO_COMMON_BLOCKS = YES;
				GCC_WARN_64_TO_32_BIT_CONVERSION = YES;
				GCC_WARN_ABOUT_RETURN_TYPE = YES_ERROR;
				GCC_WARN_UNDECLARED_SELECTOR = YES;
				GCC_WARN_UNINITIALIZED_AUTOS = YES_AGGRESSIVE;
				GCC_WARN_UNUSED_FUNCTION = YES;
				GCC_WARN_UNUSED_VARIABLE = YES;
				MACOSX_DEPLOYMENT_TARGET = 10.11;
				MTL_ENABLE_DEBUG_INFO = NO;
				SDKROOT = macosx;
			};
			name = Release;
		};
		D5FA88A21D380DC20038BCC6 /* Debug */ = {
			isa = XCBuildConfiguration;
			buildSettings = {
				PRODUCT_NAME = "$(TARGET_NAME)";
			};
			name = Debug;
		};
		D5FA88A31D380DC20038BCC6 /* Release */ = {
			isa = XCBuildConfiguration;
			buildSettings = {
				PRODUCT_NAME = "$(TARGET_NAME)";
			};
			name = Release;
		};
/* End XCBuildConfiguration section */

/* Begin XCConfigurationList section */
		D5FA88951D380DC20038BCC6 /* Build configuration list for PBXProject "DesignPatternsInSwift" */ = {
			isa = XCConfigurationList;
			buildConfigurations = (
				D5FA889F1D380DC20038BCC6 /* Debug */,
				D5FA88A01D380DC20038BCC6 /* Release */,
			);
			defaultConfigurationIsVisible = 0;
			defaultConfigurationName = Release;
		};
		D5FA88A11D380DC20038BCC6 /* Build configuration list for PBXNativeTarget "DesignPatternsInSwift" */ = {
			isa = XCConfigurationList;
			buildConfigurations = (
				D5FA88A21D380DC20038BCC6 /* Debug */,
				D5FA88A31D380DC20038BCC6 /* Release */,
			);
			defaultConfigurationIsVisible = 0;
			defaultConfigurationName = Release;
		};
/* End XCConfigurationList section */
	};
	rootObject = D5FA88921D380DC20038BCC6 /* Project object */;
}
